<?xml version="1.0" encoding="utf-8"?>
<Project ToolsVersion="4.0" xmlns="http://schemas.microsoft.com/developer/msbuild/2003">
  <ItemGroup>
    <Filter Include="Source Files">
      <UniqueIdentifier>{4FC737F1-C7A5-4376-A066-2A32D752A2FF}</UniqueIdentifier>
      <Extensions>cpp;c;cc;cxx;c++;cppm;ixx;def;odl;idl;hpj;bat;asm;asmx</Extensions>
    </Filter>
    <Filter Include="Header Files">
      <UniqueIdentifier>{93995380-89BD-4b04-88EB-625FBE52EBFB}</UniqueIdentifier>
      <Extensions>h;hh;hpp;hxx;h++;hm;inl;inc;ipp;xsd</Extensions>
    </Filter>
    <Filter Include="Resource Files">
      <UniqueIdentifier>{67DA6AB6-F800-4c08-8B7A-83BB121AAD01}</UniqueIdentifier>
      <Extensions>rc;ico;cur;bmp;dlg;rc2;rct;bin;rgs;gif;jpg;jpeg;jpe;resx;tiff;tif;png;wav;mfcribbon-ms</Extensions>
    </Filter>
    <Filter Include="Source Files\img">
      <UniqueIdentifier>{5f488d16-8be6-47a6-a5cc-75cc24806ea1}</UniqueIdentifier>
    </Filter>
  </ItemGroup>
  <ItemGroup>
    <ClCompile Include="Source.cpp">
      <Filter>Source Files</Filter>
    </ClCompile>
  </ItemGroup>
  <ItemGroup>
    <ClInclude Include="game.h">
      <Filter>Source Files</Filter>
    </ClInclude>
    <ClInclude Include="player.h">
      <Filter>Source Files</Filter>
    </ClInclude>
    <ClInclude Include="Bullet.h">
      <Filter>Source Files</Filter>
    </ClInclude>
    <ClInclude Include="Alpha.h">
      <Filter>Source Files</Filter>
    </ClInclude>
    <ClInclude Include="Invaders.h">
      <Filter>Source Files</Filter>
    </ClInclude>
    <ClInclude Include="Enemy.h">
      <Filter>Source Files</Filter>
    </ClInclude>
    <ClInclude Include="Bomb.h">
      <Filter>Source Files</Filter>
    </ClInclude>
    <ClInclude Include="Beta.h">
      <Filter>Source Files</Filter>
    </ClInclude>
    <ClInclude Include="Gamma.h">
      <Filter>Source Files</Filter>
    </ClInclude>
    <ClInclude Include="Dragon.h">
      <Filter>Source Files</Filter>
    </ClInclude>
    <ClInclude Include=".h">
      <Filter>Source Files</Filter>
    </ClInclude>
    <ClInclude Include="Monster.h">
      <Filter>Source Files</Filter>
    </ClInclude>
    <ClInclude Include="PowerUp.h">
      <Filter>Source Files</Filter>
    </ClInclude>
    <ClInclude Include="Danger.h">
      <Filter>Source Files</Filter>
    </ClInclude>
    <ClInclude Include="Lives.h">
      <Filter>Source Files</Filter>
    </ClInclude>
    <ClInclude Include="Addons.h">
      <Filter>Source Files</Filter>
    </ClInclude>
    <ClInclude Include="menu.h">
      <Filter>Source Files</Filter>
    </ClInclude>
    <ClInclude Include="Database.h">
      <Filter>Source Files</Filter>
    </ClInclude>
    <ClInclude Include="option_Menu.h">
      <Filter>Source Files</Filter>
    </ClInclude>
  </ItemGroup>
</Project>